
Microsoft Visual Studio Solution File, Format Version 12.00
# Visual Studio 15
VisualStudioVersion = 15.0.26730.3
MinimumVisualStudioVersion = 10.0.40219.1
Project("{FAE04EC0-301F-11D3-BF4B-00C04F79EFBC}") = "OneCode", "OneCode\OneCode.csproj", "{D08530BC-FB67-4A59-A84E-21B914064B1F}"
EndProject
Global
	GlobalSection(SolutionConfigurationPlatforms) = preSolution
		Debug|Any CPU = Debug|Any CPU
		Release|Any CPU = Release|Any CPU
	EndGlobalSection
	GlobalSection(ProjectConfigurationPlatforms) = postSolution
		{D08530BC-FB67-4A59-A84E-21B914064B1F}.Debug|Any CPU.ActiveCfg = Debug|Any CPU
		{D08530BC-FB67-4A59-A84E-21B914064B1F}.Debug|Any CPU.Build.0 = Debug|Any CPU
		{D08530BC-FB67-4A59-A84E-21B914064B1F}.Release|Any CPU.ActiveCfg = Release|Any CPU
		{D08530BC-FB67-4A59-A84E-21B914064B1F}.Release|Any CPU.Build.0 = Release|Any CPU
	EndGlobalSection
	GlobalSection(SolutionProperties) = preSolution
		HideSolutionNode = FALSE
	EndGlobalSection
	GlobalSection(ExtensibilityGlobals) = postSolution
		SolutionGuid = {F4EEDBD9-93A8-4C0A-B6A5-5DE1742D29E6}
	EndGlobalSection
EndGlobal
